
Microsoft Visual Studio Solution File, Format Version 12.00
# Visual Studio Version 16
VisualStudioVersion = 16.0.30204.135
MinimumVisualStudioVersion = 10.0.40219.1
Project("{9A19103F-16F7-4668-BE54-9A1E7A4F7556}") = "DomainCore", "DomainCore\DomainCore.csproj", "{771B5163-CBAC-4F5D-B41D-C16F84BF3866}"
EndProject
Project("{9A19103F-16F7-4668-BE54-9A1E7A4F7556}") = "TaskCountries", "TaskCountries\TaskCountries.csproj", "{1396079D-A759-4CD5-88D7-EFDE1ED205F1}"
EndProject
Global
	GlobalSection(SolutionConfigurationPlatforms) = preSolution
		Debug|Any CPU = Debug|Any CPU
		Release|Any CPU = Release|Any CPU
	EndGlobalSection
	GlobalSection(ProjectConfigurationPlatforms) = postSolution
		{771B5163-CBAC-4F5D-B41D-C16F84BF3866}.Debug|Any CPU.ActiveCfg = Debug|Any CPU
		{771B5163-CBAC-4F5D-B41D-C16F84BF3866}.Debug|Any CPU.Build.0 = Debug|Any CPU
		{771B5163-CBAC-4F5D-B41D-C16F84BF3866}.Release|Any CPU.ActiveCfg = Release|Any CPU
		{771B5163-CBAC-4F5D-B41D-C16F84BF3866}.Release|Any CPU.Build.0 = Release|Any CPU
		{1396079D-A759-4CD5-88D7-EFDE1ED205F1}.Debug|Any CPU.ActiveCfg = Debug|Any CPU
		{1396079D-A759-4CD5-88D7-EFDE1ED205F1}.Debug|Any CPU.Build.0 = Debug|Any CPU
		{1396079D-A759-4CD5-88D7-EFDE1ED205F1}.Release|Any CPU.ActiveCfg = Release|Any CPU
		{1396079D-A759-4CD5-88D7-EFDE1ED205F1}.Release|Any CPU.Build.0 = Release|Any CPU
	EndGlobalSection
	GlobalSection(SolutionProperties) = preSolution
		HideSolutionNode = FALSE
	EndGlobalSection
	GlobalSection(ExtensibilityGlobals) = postSolution
		SolutionGuid = {5BC14491-89DA-4DF5-9480-95F4E7A26DD0}
	EndGlobalSection
EndGlobal
